
Microsoft Visual Studio Solution File, Format Version 12.00
# Visual Studio Version 17
VisualStudioVersion = 17.0.32112.339
MinimumVisualStudioVersion = 10.0.40219.1
Project("{9A19103F-16F7-4668-BE54-9A1E7A4F7556}") = "Web.Presentation", "Web.Presentation\Web.Presentation.csproj", "{19A4569D-525D-4B68-8D3E-7AC3F4FED672}"
EndProject
Project("{2150E333-8FDC-42A3-9474-1A3956D46DE8}") = "VictoryRestaurant.Desktop", "VictoryRestaurant.Desktop", "{67CC787E-F137-474D-B04C-409AF208224D}"
EndProject
Project("{2150E333-8FDC-42A3-9474-1A3956D46DE8}") = "VictoryRestaurant.Web", "VictoryRestaurant.Web", "{4DDB58B0-AEB6-4866-B995-01EFE4F7B5B5}"
EndProject
Project("{9A19103F-16F7-4668-BE54-9A1E7A4F7556}") = "Desktop.Presentation", "Desktop.Application\Desktop.Presentation.csproj", "{D7385C9C-DE52-425F-B241-C226EBCF9BCA}"
EndProject
Project("{9A19103F-16F7-4668-BE54-9A1E7A4F7556}") = "Desktop.Core", "Desktop.Core\Desktop.Core.csproj", "{A66F0140-93FA-4DF3-B3DB-B37172DEDF0D}"
EndProject
Project("{9A19103F-16F7-4668-BE54-9A1E7A4F7556}") = "Desktop.Services", "Desktop.Services\Desktop.Services.csproj", "{241ABD57-8B5F-4C09-AE25-4E22F5AF6A38}"
EndProject
Project("{9A19103F-16F7-4668-BE54-9A1E7A4F7556}") = "Desktop.Data", "Desktop.Data\Desktop.Data.csproj", "{050241EB-03CF-4B50-9E2C-26E6E500E32D}"
EndProject
Project("{9A19103F-16F7-4668-BE54-9A1E7A4F7556}") = "Web.Data", "Web.Data\Web.Data.csproj", "{498B5A35-D5B5-4179-9271-5B2305BB9949}"
EndProject
Project("{9A19103F-16F7-4668-BE54-9A1E7A4F7556}") = "Web.Services", "Web.Services\Web.Services.csproj", "{735F1464-9C10-4C02-B018-DC47F6DFCBCD}"
EndProject
Project("{2150E333-8FDC-42A3-9474-1A3956D46DE8}") = "Data", "Data", "{00C454BC-48E7-4113-AA81-EEFAC60DC8BD}"
EndProject
Project("{2150E333-8FDC-42A3-9474-1A3956D46DE8}") = "Presentation", "Presentation", "{1F2CC455-8643-4C05-9A99-CCE88BEDE604}"
EndProject
Project("{2150E333-8FDC-42A3-9474-1A3956D46DE8}") = "Services", "Services", "{C7C0F0F2-27FF-4B49-8380-A6B4A4C75623}"
EndProject
Project("{2150E333-8FDC-42A3-9474-1A3956D46DE8}") = "Core", "Core", "{A4ABDA62-6067-4555-A4E2-0C707D02D7B8}"
EndProject
Project("{2150E333-8FDC-42A3-9474-1A3956D46DE8}") = "Data", "Data", "{F4130A7A-DC0C-4809-8973-0EA5ADF38A52}"
EndProject
Project("{2150E333-8FDC-42A3-9474-1A3956D46DE8}") = "Presentation", "Presentation", "{4A2E5BB9-9005-4539-AF7F-496ABF6853B5}"
EndProject
Project("{2150E333-8FDC-42A3-9474-1A3956D46DE8}") = "Services", "Services", "{FA67FCB4-6739-4FB1-B1CD-8291EBAE55E2}"
EndProject
Project("{2150E333-8FDC-42A3-9474-1A3956D46DE8}") = "VictoryRestaurant.API", "VictoryRestaurant.API", "{0F118C7A-EBBE-43A2-A656-AF246F017C70}"
EndProject
Project("{9A19103F-16F7-4668-BE54-9A1E7A4F7556}") = "VictoryRestaurant.API", "VictoryRestaurant.API\VictoryRestaurant.API.csproj", "{3341A5D0-B5EB-401A-B7F1-D1F80740AFA9}"
EndProject
Project("{9A19103F-16F7-4668-BE54-9A1E7A4F7556}") = "API.Data", "API.Data\API.Data.csproj", "{3A61AE6A-6386-49D9-8958-C5C914FBA4FA}"
EndProject
Project("{2150E333-8FDC-42A3-9474-1A3956D46DE8}") = "Data", "Data", "{B2101F2A-6A7E-4B9F-B008-6AFC90BD1F18}"
EndProject
Project("{2150E333-8FDC-42A3-9474-1A3956D46DE8}") = "Services", "Services", "{304825BA-607A-4A95-AB79-59EAD8CCB0AF}"
EndProject
Project("{9A19103F-16F7-4668-BE54-9A1E7A4F7556}") = "API.Services", "API.Services\API.Services.csproj", "{B8DE02BC-0AE0-478A-93EE-4DB92DE78B60}"
EndProject
Project("{2150E333-8FDC-42A3-9474-1A3956D46DE8}") = "VictoryRestaurant.Core", "VictoryRestaurant.Core", "{84EB5950-71B0-4359-9ADE-2BF1D23EA5E2}"
EndProject
Project("{2150E333-8FDC-42A3-9474-1A3956D46DE8}") = "Domain", "Domain", "{7E592A47-CCD7-4308-ADB1-F1383984804D}"
EndProject
Project("{2150E333-8FDC-42A3-9474-1A3956D46DE8}") = "Data", "Data", "{8562448C-7E20-4EB6-A2C3-275EA3D14F99}"
EndProject
Project("{2150E333-8FDC-42A3-9474-1A3956D46DE8}") = "Core", "Core", "{0FC1C777-6E3D-42FB-AC78-D8B2868B335B}"
EndProject
Project("{9A19103F-16F7-4668-BE54-9A1E7A4F7556}") = "VictoryRestaurant.Enums", "VictoryRestaurant.Enums\VictoryRestaurant.Enums.csproj", "{4B349A21-D7A3-447E-B48E-6B5EDBDB5430}"
EndProject
Project("{9A19103F-16F7-4668-BE54-9A1E7A4F7556}") = "VictoryRestaurant.Entities", "VictoryRestaurant.Entities\VictoryRestaurant.Entities.csproj", "{C663DB0B-ECC8-4F61-85D9-4E95AB48739C}"
EndProject
Project("{9A19103F-16F7-4668-BE54-9A1E7A4F7556}") = "VictoryRestaurant.Domain", "VictoryRestaurant.Domain\VictoryRestaurant.Domain.csproj", "{CCB38381-78C9-4658-B4A4-628428F67003}"
EndProject
Project("{9A19103F-16F7-4668-BE54-9A1E7A4F7556}") = "VictoryRestaurant.Mappers", "VictoryRestaurant.Mappers\VictoryRestaurant.Mappers.csproj", "{1660185C-BF2C-42AA-A11D-378A8EC943DC}"
	ProjectSection(ProjectDependencies) = postProject
		{CCB38381-78C9-4658-B4A4-628428F67003} = {CCB38381-78C9-4658-B4A4-628428F67003}
	EndProjectSection
EndProject
Project("{9A19103F-16F7-4668-BE54-9A1E7A4F7556}") = "Web.Downloads", "Web.Downloads\Web.Downloads.csproj", "{CD038625-9EFC-4F81-ACCA-DB64522D32B3}"
EndProject
Project("{2150E333-8FDC-42A3-9474-1A3956D46DE8}") = "Core", "Core", "{84EA8395-5D31-4843-80E9-FB3B01911006}"
EndProject
Project("{FAE04EC0-301F-11D3-BF4B-00C04F79EFBC}") = "Web.Enums", "Web.Enums\Web.Enums.csproj", "{0DFCAC7B-1A32-4C6B-9673-6AC1761DE473}"
EndProject
Project("{FAE04EC0-301F-11D3-BF4B-00C04F79EFBC}") = "Web.IoC", "Web.IoC\Web.IoC.csproj", "{440917D9-B387-473F-B87E-C42114C9CD48}"
EndProject
Project("{2150E333-8FDC-42A3-9474-1A3956D46DE8}") = "Core", "Core", "{F82DA67C-643F-427E-A9A7-88155194710F}"
EndProject
Project("{FAE04EC0-301F-11D3-BF4B-00C04F79EFBC}") = "API.IoC", "API.IoC\API.IoC.csproj", "{A7F04251-AE5C-46D8-B563-B38B39F78AE7}"
EndProject
Global
	GlobalSection(SolutionConfigurationPlatforms) = preSolution
		Debug|Any CPU = Debug|Any CPU
		Release|Any CPU = Release|Any CPU
	EndGlobalSection
	GlobalSection(ProjectConfigurationPlatforms) = postSolution
		{19A4569D-525D-4B68-8D3E-7AC3F4FED672}.Debug|Any CPU.ActiveCfg = Debug|Any CPU
		{19A4569D-525D-4B68-8D3E-7AC3F4FED672}.Debug|Any CPU.Build.0 = Debug|Any CPU
		{19A4569D-525D-4B68-8D3E-7AC3F4FED672}.Release|Any CPU.ActiveCfg = Release|Any CPU
		{19A4569D-525D-4B68-8D3E-7AC3F4FED672}.Release|Any CPU.Build.0 = Release|Any CPU
		{D7385C9C-DE52-425F-B241-C226EBCF9BCA}.Debug|Any CPU.ActiveCfg = Debug|Any CPU
		{D7385C9C-DE52-425F-B241-C226EBCF9BCA}.Debug|Any CPU.Build.0 = Debug|Any CPU
		{D7385C9C-DE52-425F-B241-C226EBCF9BCA}.Release|Any CPU.ActiveCfg = Release|Any CPU
		{D7385C9C-DE52-425F-B241-C226EBCF9BCA}.Release|Any CPU.Build.0 = Release|Any CPU
		{A66F0140-93FA-4DF3-B3DB-B37172DEDF0D}.Debug|Any CPU.ActiveCfg = Debug|Any CPU
		{A66F0140-93FA-4DF3-B3DB-B37172DEDF0D}.Debug|Any CPU.Build.0 = Debug|Any CPU
		{A66F0140-93FA-4DF3-B3DB-B37172DEDF0D}.Release|Any CPU.ActiveCfg = Release|Any CPU
		{A66F0140-93FA-4DF3-B3DB-B37172DEDF0D}.Release|Any CPU.Build.0 = Release|Any CPU
		{241ABD57-8B5F-4C09-AE25-4E22F5AF6A38}.Debug|Any CPU.ActiveCfg = Debug|Any CPU
		{241ABD57-8B5F-4C09-AE25-4E22F5AF6A38}.Debug|Any CPU.Build.0 = Debug|Any CPU
		{241ABD57-8B5F-4C09-AE25-4E22F5AF6A38}.Release|Any CPU.ActiveCfg = Release|Any CPU
		{241ABD57-8B5F-4C09-AE25-4E22F5AF6A38}.Release|Any CPU.Build.0 = Release|Any CPU
		{050241EB-03CF-4B50-9E2C-26E6E500E32D}.Debug|Any CPU.ActiveCfg = Debug|Any CPU
		{050241EB-03CF-4B50-9E2C-26E6E500E32D}.Debug|Any CPU.Build.0 = Debug|Any CPU
		{050241EB-03CF-4B50-9E2C-26E6E500E32D}.Release|Any CPU.ActiveCfg = Release|Any CPU
		{050241EB-03CF-4B50-9E2C-26E6E500E32D}.Release|Any CPU.Build.0 = Release|Any CPU
		{498B5A35-D5B5-4179-9271-5B2305BB9949}.Debug|Any CPU.ActiveCfg = Debug|Any CPU
		{498B5A35-D5B5-4179-9271-5B2305BB9949}.Debug|Any CPU.Build.0 = Debug|Any CPU
		{498B5A35-D5B5-4179-9271-5B2305BB9949}.Release|Any CPU.ActiveCfg = Release|Any CPU
		{498B5A35-D5B5-4179-9271-5B2305BB9949}.Release|Any CPU.Build.0 = Release|Any CPU
		{735F1464-9C10-4C02-B018-DC47F6DFCBCD}.Debug|Any CPU.ActiveCfg = Debug|Any CPU
		{735F1464-9C10-4C02-B018-DC47F6DFCBCD}.Debug|Any CPU.Build.0 = Debug|Any CPU
		{735F1464-9C10-4C02-B018-DC47F6DFCBCD}.Release|Any CPU.ActiveCfg = Release|Any CPU
		{735F1464-9C10-4C02-B018-DC47F6DFCBCD}.Release|Any CPU.Build.0 = Release|Any CPU
		{3341A5D0-B5EB-401A-B7F1-D1F80740AFA9}.Debug|Any CPU.ActiveCfg = Debug|Any CPU
		{3341A5D0-B5EB-401A-B7F1-D1F80740AFA9}.Debug|Any CPU.Build.0 = Debug|Any CPU
		{3341A5D0-B5EB-401A-B7F1-D1F80740AFA9}.Release|Any CPU.ActiveCfg = Release|Any CPU
		{3341A5D0-B5EB-401A-B7F1-D1F80740AFA9}.Release|Any CPU.Build.0 = Release|Any CPU
		{3A61AE6A-6386-49D9-8958-C5C914FBA4FA}.Debug|Any CPU.ActiveCfg = Debug|Any CPU
		{3A61AE6A-6386-49D9-8958-C5C914FBA4FA}.Debug|Any CPU.Build.0 = Debug|Any CPU
		{3A61AE6A-6386-49D9-8958-C5C914FBA4FA}.Release|Any CPU.ActiveCfg = Release|Any CPU
		{3A61AE6A-6386-49D9-8958-C5C914FBA4FA}.Release|Any CPU.Build.0 = Release|Any CPU
		{B8DE02BC-0AE0-478A-93EE-4DB92DE78B60}.Debug|Any CPU.ActiveCfg = Debug|Any CPU
		{B8DE02BC-0AE0-478A-93EE-4DB92DE78B60}.Debug|Any CPU.Build.0 = Debug|Any CPU
		{B8DE02BC-0AE0-478A-93EE-4DB92DE78B60}.Release|Any CPU.ActiveCfg = Release|Any CPU
		{B8DE02BC-0AE0-478A-93EE-4DB92DE78B60}.Release|Any CPU.Build.0 = Release|Any CPU
		{4B349A21-D7A3-447E-B48E-6B5EDBDB5430}.Debug|Any CPU.ActiveCfg = Debug|Any CPU
		{4B349A21-D7A3-447E-B48E-6B5EDBDB5430}.Debug|Any CPU.Build.0 = Debug|Any CPU
		{4B349A21-D7A3-447E-B48E-6B5EDBDB5430}.Release|Any CPU.ActiveCfg = Release|Any CPU
		{4B349A21-D7A3-447E-B48E-6B5EDBDB5430}.Release|Any CPU.Build.0 = Release|Any CPU
		{C663DB0B-ECC8-4F61-85D9-4E95AB48739C}.Debug|Any CPU.ActiveCfg = Debug|Any CPU
		{C663DB0B-ECC8-4F61-85D9-4E95AB48739C}.Debug|Any CPU.Build.0 = Debug|Any CPU
		{C663DB0B-ECC8-4F61-85D9-4E95AB48739C}.Release|Any CPU.ActiveCfg = Release|Any CPU
		{C663DB0B-ECC8-4F61-85D9-4E95AB48739C}.Release|Any CPU.Build.0 = Release|Any CPU
		{CCB38381-78C9-4658-B4A4-628428F67003}.Debug|Any CPU.ActiveCfg = Debug|Any CPU
		{CCB38381-78C9-4658-B4A4-628428F67003}.Debug|Any CPU.Build.0 = Debug|Any CPU
		{CCB38381-78C9-4658-B4A4-628428F67003}.Release|Any CPU.ActiveCfg = Release|Any CPU
		{CCB38381-78C9-4658-B4A4-628428F67003}.Release|Any CPU.Build.0 = Release|Any CPU
		{1660185C-BF2C-42AA-A11D-378A8EC943DC}.Debug|Any CPU.ActiveCfg = Debug|Any CPU
		{1660185C-BF2C-42AA-A11D-378A8EC943DC}.Debug|Any CPU.Build.0 = Debug|Any CPU
		{1660185C-BF2C-42AA-A11D-378A8EC943DC}.Release|Any CPU.ActiveCfg = Release|Any CPU
		{1660185C-BF2C-42AA-A11D-378A8EC943DC}.Release|Any CPU.Build.0 = Release|Any CPU
		{CD038625-9EFC-4F81-ACCA-DB64522D32B3}.Debug|Any CPU.ActiveCfg = Debug|Any CPU
		{CD038625-9EFC-4F81-ACCA-DB64522D32B3}.Debug|Any CPU.Build.0 = Debug|Any CPU
		{CD038625-9EFC-4F81-ACCA-DB64522D32B3}.Release|Any CPU.ActiveCfg = Release|Any CPU
		{CD038625-9EFC-4F81-ACCA-DB64522D32B3}.Release|Any CPU.Build.0 = Release|Any CPU
		{0DFCAC7B-1A32-4C6B-9673-6AC1761DE473}.Debug|Any CPU.ActiveCfg = Debug|Any CPU
		{0DFCAC7B-1A32-4C6B-9673-6AC1761DE473}.Debug|Any CPU.Build.0 = Debug|Any CPU
		{0DFCAC7B-1A32-4C6B-9673-6AC1761DE473}.Release|Any CPU.ActiveCfg = Release|Any CPU
		{0DFCAC7B-1A32-4C6B-9673-6AC1761DE473}.Release|Any CPU.Build.0 = Release|Any CPU
		{440917D9-B387-473F-B87E-C42114C9CD48}.Debug|Any CPU.ActiveCfg = Debug|Any CPU
		{440917D9-B387-473F-B87E-C42114C9CD48}.Debug|Any CPU.Build.0 = Debug|Any CPU
		{440917D9-B387-473F-B87E-C42114C9CD48}.Release|Any CPU.ActiveCfg = Release|Any CPU
		{440917D9-B387-473F-B87E-C42114C9CD48}.Release|Any CPU.Build.0 = Release|Any CPU
		{A7F04251-AE5C-46D8-B563-B38B39F78AE7}.Debug|Any CPU.ActiveCfg = Debug|Any CPU
		{A7F04251-AE5C-46D8-B563-B38B39F78AE7}.Debug|Any CPU.Build.0 = Debug|Any CPU
		{A7F04251-AE5C-46D8-B563-B38B39F78AE7}.Release|Any CPU.ActiveCfg = Release|Any CPU
		{A7F04251-AE5C-46D8-B563-B38B39F78AE7}.Release|Any CPU.Build.0 = Release|Any CPU
	EndGlobalSection
	GlobalSection(SolutionProperties) = preSolution
		HideSolutionNode = FALSE
	EndGlobalSection
	GlobalSection(NestedProjects) = preSolution
		{19A4569D-525D-4B68-8D3E-7AC3F4FED672} = {1F2CC455-8643-4C05-9A99-CCE88BEDE604}
		{D7385C9C-DE52-425F-B241-C226EBCF9BCA} = {4A2E5BB9-9005-4539-AF7F-496ABF6853B5}
		{A66F0140-93FA-4DF3-B3DB-B37172DEDF0D} = {A4ABDA62-6067-4555-A4E2-0C707D02D7B8}
		{241ABD57-8B5F-4C09-AE25-4E22F5AF6A38} = {FA67FCB4-6739-4FB1-B1CD-8291EBAE55E2}
		{050241EB-03CF-4B50-9E2C-26E6E500E32D} = {F4130A7A-DC0C-4809-8973-0EA5ADF38A52}
		{498B5A35-D5B5-4179-9271-5B2305BB9949} = {00C454BC-48E7-4113-AA81-EEFAC60DC8BD}
		{735F1464-9C10-4C02-B018-DC47F6DFCBCD} = {C7C0F0F2-27FF-4B49-8380-A6B4A4C75623}
		{00C454BC-48E7-4113-AA81-EEFAC60DC8BD} = {4DDB58B0-AEB6-4866-B995-01EFE4F7B5B5}
		{1F2CC455-8643-4C05-9A99-CCE88BEDE604} = {4DDB58B0-AEB6-4866-B995-01EFE4F7B5B5}
		{C7C0F0F2-27FF-4B49-8380-A6B4A4C75623} = {4DDB58B0-AEB6-4866-B995-01EFE4F7B5B5}
		{A4ABDA62-6067-4555-A4E2-0C707D02D7B8} = {67CC787E-F137-474D-B04C-409AF208224D}
		{F4130A7A-DC0C-4809-8973-0EA5ADF38A52} = {67CC787E-F137-474D-B04C-409AF208224D}
		{4A2E5BB9-9005-4539-AF7F-496ABF6853B5} = {67CC787E-F137-474D-B04C-409AF208224D}
		{FA67FCB4-6739-4FB1-B1CD-8291EBAE55E2} = {67CC787E-F137-474D-B04C-409AF208224D}
		{3341A5D0-B5EB-401A-B7F1-D1F80740AFA9} = {0F118C7A-EBBE-43A2-A656-AF246F017C70}
		{3A61AE6A-6386-49D9-8958-C5C914FBA4FA} = {B2101F2A-6A7E-4B9F-B008-6AFC90BD1F18}
		{B2101F2A-6A7E-4B9F-B008-6AFC90BD1F18} = {0F118C7A-EBBE-43A2-A656-AF246F017C70}
		{304825BA-607A-4A95-AB79-59EAD8CCB0AF} = {0F118C7A-EBBE-43A2-A656-AF246F017C70}
		{B8DE02BC-0AE0-478A-93EE-4DB92DE78B60} = {304825BA-607A-4A95-AB79-59EAD8CCB0AF}
		{7E592A47-CCD7-4308-ADB1-F1383984804D} = {84EB5950-71B0-4359-9ADE-2BF1D23EA5E2}
		{8562448C-7E20-4EB6-A2C3-275EA3D14F99} = {84EB5950-71B0-4359-9ADE-2BF1D23EA5E2}
		{0FC1C777-6E3D-42FB-AC78-D8B2868B335B} = {84EB5950-71B0-4359-9ADE-2BF1D23EA5E2}
		{4B349A21-D7A3-447E-B48E-6B5EDBDB5430} = {0FC1C777-6E3D-42FB-AC78-D8B2868B335B}
		{C663DB0B-ECC8-4F61-85D9-4E95AB48739C} = {8562448C-7E20-4EB6-A2C3-275EA3D14F99}
		{CCB38381-78C9-4658-B4A4-628428F67003} = {7E592A47-CCD7-4308-ADB1-F1383984804D}
		{1660185C-BF2C-42AA-A11D-378A8EC943DC} = {0FC1C777-6E3D-42FB-AC78-D8B2868B335B}
		{CD038625-9EFC-4F81-ACCA-DB64522D32B3} = {00C454BC-48E7-4113-AA81-EEFAC60DC8BD}
		{84EA8395-5D31-4843-80E9-FB3B01911006} = {4DDB58B0-AEB6-4866-B995-01EFE4F7B5B5}
		{0DFCAC7B-1A32-4C6B-9673-6AC1761DE473} = {84EA8395-5D31-4843-80E9-FB3B01911006}
		{440917D9-B387-473F-B87E-C42114C9CD48} = {84EA8395-5D31-4843-80E9-FB3B01911006}
		{F82DA67C-643F-427E-A9A7-88155194710F} = {0F118C7A-EBBE-43A2-A656-AF246F017C70}
		{A7F04251-AE5C-46D8-B563-B38B39F78AE7} = {F82DA67C-643F-427E-A9A7-88155194710F}
	EndGlobalSection
	GlobalSection(ExtensibilityGlobals) = postSolution
		SolutionGuid = {EB852FAF-4DD3-4243-AA55-0361ED92A603}
	EndGlobalSection
EndGlobal
