
Microsoft Visual Studio Solution File, Format Version 12.00
# Visual Studio Version 17
VisualStudioVersion = 17.0.32112.339
MinimumVisualStudioVersion = 10.0.40219.1
Project("{2150E333-8FDC-42A3-9474-1A3956D46DE8}") = "2 - Services", "2 - Services", "{7D6EE83C-C523-460C-882A-03FBC171F639}"
EndProject
Project("{2150E333-8FDC-42A3-9474-1A3956D46DE8}") = "3 - Application", "3 - Application", "{9C2493D6-F8DF-41CD-AD39-1293679F5996}"
EndProject
Project("{2150E333-8FDC-42A3-9474-1A3956D46DE8}") = "4 - Domain", "4 - Domain", "{FD8E8B90-0CCC-4F44-9810-00502EA47469}"
EndProject
Project("{2150E333-8FDC-42A3-9474-1A3956D46DE8}") = "5 - Infra", "5 - Infra", "{09326AE2-C786-4F7C-B418-60DDD9377B6B}"
EndProject
Project("{2150E333-8FDC-42A3-9474-1A3956D46DE8}") = "5.1 - Data", "5.1 - Data", "{A8571545-4750-43B5-A30B-25B62DB7F936}"
EndProject
Project("{9A19103F-16F7-4668-BE54-9A1E7A4F7556}") = "Victory.Infra.Data", "Victory.Infra.Data\Victory.Infra.Data.csproj", "{B756F0CF-44CE-4697-92BF-C1C27DF7CE60}"
EndProject
Project("{9A19103F-16F7-4668-BE54-9A1E7A4F7556}") = "Victory.Domain", "Victory.Domain\Victory.Domain.csproj", "{0138E5E5-9B66-4E86-B440-C1BF901A5E7C}"
EndProject
Project("{9A19103F-16F7-4668-BE54-9A1E7A4F7556}") = "Victory.Services.Api", "Victory.Services.Api\Victory.Services.Api.csproj", "{A2B683D2-FADC-4214-9899-92AE4284F363}"
EndProject
Project("{2150E333-8FDC-42A3-9474-1A3956D46DE8}") = "1 - Presentation", "1 - Presentation", "{DEF8D0E2-BBFC-4CEF-8BA4-28A7A05447A9}"
EndProject
Project("{2150E333-8FDC-42A3-9474-1A3956D46DE8}") = "1.2 - Web", "1.2 - Web", "{724B6EC9-0E75-47B7-A189-81EF686C8DDF}"
EndProject
Project("{2150E333-8FDC-42A3-9474-1A3956D46DE8}") = "1.1 - Desktop", "1.1 - Desktop", "{96B317A9-F30C-463A-816D-11823C8B0C77}"
EndProject
Project("{9A19103F-16F7-4668-BE54-9A1E7A4F7556}") = "Victory.Presentation.Web", "Victory.Presentation.Web\Victory.Presentation.Web.csproj", "{D924E055-B31B-4DC1-A948-BA51987AE0D6}"
EndProject
Project("{9A19103F-16F7-4668-BE54-9A1E7A4F7556}") = "Victory.Presentation.Desktop", "Victory.Presentation.Desktop\Victory.Presentation.Desktop.csproj", "{281A998D-3061-4395-9F26-20CAD39ADE01}"
EndProject
Project("{2150E333-8FDC-42A3-9474-1A3956D46DE8}") = "5.2 - Core", "5.2 - Core", "{E4DE0E0D-E3A7-4F0A-BB2B-1E815B4262F9}"
EndProject
Project("{9A19103F-16F7-4668-BE54-9A1E7A4F7556}") = "Victory.Infra.Core.Enums", "Victory.Infra.Core.Enums\Victory.Infra.Core.Enums.csproj", "{2D7678A1-5BA2-458D-A90E-974FE14C9ECA}"
EndProject
Project("{9A19103F-16F7-4668-BE54-9A1E7A4F7556}") = "Victory.Infra.Core.Util", "Victory.Infra.Core.Util\Victory.Infra.Core.Util.csproj", "{A3783DC2-89F9-4EE2-9F12-4BE92AFC8C79}"
EndProject
Project("{2150E333-8FDC-42A3-9474-1A3956D46DE8}") = "3.1 - Web", "3.1 - Web", "{98DA5756-A6F1-4AA5-868B-E523D0E6E000}"
EndProject
Project("{2150E333-8FDC-42A3-9474-1A3956D46DE8}") = "3.2 - Desktop", "3.2 - Desktop", "{D74E89A3-B037-4E3E-A9D4-6A25DD37B772}"
EndProject
Project("{9A19103F-16F7-4668-BE54-9A1E7A4F7556}") = "Victory.Application.Web", "Victory.Application.Web\Victory.Application.Web.csproj", "{A5E38E41-959E-4745-81DE-E17AC5015563}"
EndProject
Project("{9A19103F-16F7-4668-BE54-9A1E7A4F7556}") = "Victory.Application.Desktop", "Victory.Application.Desktop\Victory.Application.Desktop.csproj", "{A325EABF-4142-4BC9-BC3E-7D7171FBE3CC}"
EndProject
Project("{2150E333-8FDC-42A3-9474-1A3956D46DE8}") = "5.3 - Shared", "5.3 - Shared", "{857ECECE-44F9-4A87-9ECF-3053FBE6AB26}"
EndProject
Project("{9A19103F-16F7-4668-BE54-9A1E7A4F7556}") = "Victory.Infra.Shared.Downloads", "Victory.Infra.Shared.Downloads\Victory.Infra.Shared.Downloads.csproj", "{88BCDBAD-7529-4DB0-B481-70713C894ACF}"
EndProject
Project("{2150E333-8FDC-42A3-9474-1A3956D46DE8}") = "3.3 - Api", "3.3 - Api", "{81226D5B-FC2D-44DA-86E6-D95DDA8F4BBB}"
EndProject
Project("{9A19103F-16F7-4668-BE54-9A1E7A4F7556}") = "Victory.Infra.Core.Desktop", "Victory.Infra.Core.Desktop\Victory.Infra.Core.Desktop.csproj", "{03DF6B91-290C-4757-8E01-CBEC66D6F22A}"
EndProject
Project("{9A19103F-16F7-4668-BE54-9A1E7A4F7556}") = "Victory.Application.Web.Interfaces", "Victory.Application.Web.Interfaces\Victory.Application.Web.Interfaces.csproj", "{D39DEE91-BC54-4AB0-B034-FDAC5032D002}"
EndProject
Project("{9A19103F-16F7-4668-BE54-9A1E7A4F7556}") = "Victory.Application.Desktop.Interfaces", "Victory.Application.Desktop.Interfaces\Victory.Application.Desktop.Interfaces.csproj", "{C685E1DB-551A-4FA7-AE33-6D33FEF163D5}"
EndProject
Project("{FAE04EC0-301F-11D3-BF4B-00C04F79EFBC}") = "Victory.Application.Api", "Victory.Application.Api\Victory.Application.Api.csproj", "{66DE361B-CBF4-4090-ADA7-78C59CFE70EA}"
EndProject
Project("{FAE04EC0-301F-11D3-BF4B-00C04F79EFBC}") = "Victory.Application.Api.Interfaces", "Victory.Application.Api.Interfaces\Victory.Application.Api.Interfaces.csproj", "{D01B0EDC-9558-4E6A-A6BB-C26C17D66F45}"
EndProject
Project("{FAE04EC0-301F-11D3-BF4B-00C04F79EFBC}") = "Victory.Application.Api.Features", "Victory.Application.Api.Features\Victory.Application.Api.Features.csproj", "{BD4EC582-9908-4AAA-8CEB-4AD4930D7703}"
EndProject
Project("{2150E333-8FDC-42A3-9474-1A3956D46DE8}") = "3.4 - General", "3.4 - General", "{85394E93-C73F-41F9-B063-2417B1663D23}"
EndProject
Project("{2150E333-8FDC-42A3-9474-1A3956D46DE8}") = "3.4.1 - Client", "3.4.1 - Client", "{52EE16F8-185C-45A4-A43C-B146B1AE94A2}"
EndProject
Project("{FAE04EC0-301F-11D3-BF4B-00C04F79EFBC}") = "Victory.Application.General.Client.Features", "Victory.Application.General.Client.Features\Victory.Application.General.Client.Features.csproj", "{BC62920F-E747-4418-BD3E-EDAAA0C1B70C}"
EndProject
Project("{2150E333-8FDC-42A3-9474-1A3956D46DE8}") = "3.4.2 - Server", "3.4.2 - Server", "{7732706D-EBBD-4071-AC1F-486505AC4780}"
EndProject
Global
	GlobalSection(SolutionConfigurationPlatforms) = preSolution
		Debug|Any CPU = Debug|Any CPU
		Release|Any CPU = Release|Any CPU
	EndGlobalSection
	GlobalSection(ProjectConfigurationPlatforms) = postSolution
		{B756F0CF-44CE-4697-92BF-C1C27DF7CE60}.Debug|Any CPU.ActiveCfg = Debug|Any CPU
		{B756F0CF-44CE-4697-92BF-C1C27DF7CE60}.Debug|Any CPU.Build.0 = Debug|Any CPU
		{B756F0CF-44CE-4697-92BF-C1C27DF7CE60}.Release|Any CPU.ActiveCfg = Release|Any CPU
		{B756F0CF-44CE-4697-92BF-C1C27DF7CE60}.Release|Any CPU.Build.0 = Release|Any CPU
		{0138E5E5-9B66-4E86-B440-C1BF901A5E7C}.Debug|Any CPU.ActiveCfg = Debug|Any CPU
		{0138E5E5-9B66-4E86-B440-C1BF901A5E7C}.Debug|Any CPU.Build.0 = Debug|Any CPU
		{0138E5E5-9B66-4E86-B440-C1BF901A5E7C}.Release|Any CPU.ActiveCfg = Release|Any CPU
		{0138E5E5-9B66-4E86-B440-C1BF901A5E7C}.Release|Any CPU.Build.0 = Release|Any CPU
		{A2B683D2-FADC-4214-9899-92AE4284F363}.Debug|Any CPU.ActiveCfg = Debug|Any CPU
		{A2B683D2-FADC-4214-9899-92AE4284F363}.Debug|Any CPU.Build.0 = Debug|Any CPU
		{A2B683D2-FADC-4214-9899-92AE4284F363}.Release|Any CPU.ActiveCfg = Release|Any CPU
		{A2B683D2-FADC-4214-9899-92AE4284F363}.Release|Any CPU.Build.0 = Release|Any CPU
		{D924E055-B31B-4DC1-A948-BA51987AE0D6}.Debug|Any CPU.ActiveCfg = Debug|Any CPU
		{D924E055-B31B-4DC1-A948-BA51987AE0D6}.Debug|Any CPU.Build.0 = Debug|Any CPU
		{D924E055-B31B-4DC1-A948-BA51987AE0D6}.Release|Any CPU.ActiveCfg = Release|Any CPU
		{D924E055-B31B-4DC1-A948-BA51987AE0D6}.Release|Any CPU.Build.0 = Release|Any CPU
		{281A998D-3061-4395-9F26-20CAD39ADE01}.Debug|Any CPU.ActiveCfg = Debug|Any CPU
		{281A998D-3061-4395-9F26-20CAD39ADE01}.Debug|Any CPU.Build.0 = Debug|Any CPU
		{281A998D-3061-4395-9F26-20CAD39ADE01}.Release|Any CPU.ActiveCfg = Release|Any CPU
		{281A998D-3061-4395-9F26-20CAD39ADE01}.Release|Any CPU.Build.0 = Release|Any CPU
		{2D7678A1-5BA2-458D-A90E-974FE14C9ECA}.Debug|Any CPU.ActiveCfg = Debug|Any CPU
		{2D7678A1-5BA2-458D-A90E-974FE14C9ECA}.Debug|Any CPU.Build.0 = Debug|Any CPU
		{2D7678A1-5BA2-458D-A90E-974FE14C9ECA}.Release|Any CPU.ActiveCfg = Release|Any CPU
		{2D7678A1-5BA2-458D-A90E-974FE14C9ECA}.Release|Any CPU.Build.0 = Release|Any CPU
		{A3783DC2-89F9-4EE2-9F12-4BE92AFC8C79}.Debug|Any CPU.ActiveCfg = Debug|Any CPU
		{A3783DC2-89F9-4EE2-9F12-4BE92AFC8C79}.Debug|Any CPU.Build.0 = Debug|Any CPU
		{A3783DC2-89F9-4EE2-9F12-4BE92AFC8C79}.Release|Any CPU.ActiveCfg = Release|Any CPU
		{A3783DC2-89F9-4EE2-9F12-4BE92AFC8C79}.Release|Any CPU.Build.0 = Release|Any CPU
		{A5E38E41-959E-4745-81DE-E17AC5015563}.Debug|Any CPU.ActiveCfg = Debug|Any CPU
		{A5E38E41-959E-4745-81DE-E17AC5015563}.Debug|Any CPU.Build.0 = Debug|Any CPU
		{A5E38E41-959E-4745-81DE-E17AC5015563}.Release|Any CPU.ActiveCfg = Release|Any CPU
		{A5E38E41-959E-4745-81DE-E17AC5015563}.Release|Any CPU.Build.0 = Release|Any CPU
		{A325EABF-4142-4BC9-BC3E-7D7171FBE3CC}.Debug|Any CPU.ActiveCfg = Debug|Any CPU
		{A325EABF-4142-4BC9-BC3E-7D7171FBE3CC}.Debug|Any CPU.Build.0 = Debug|Any CPU
		{A325EABF-4142-4BC9-BC3E-7D7171FBE3CC}.Release|Any CPU.ActiveCfg = Release|Any CPU
		{A325EABF-4142-4BC9-BC3E-7D7171FBE3CC}.Release|Any CPU.Build.0 = Release|Any CPU
		{88BCDBAD-7529-4DB0-B481-70713C894ACF}.Debug|Any CPU.ActiveCfg = Debug|Any CPU
		{88BCDBAD-7529-4DB0-B481-70713C894ACF}.Debug|Any CPU.Build.0 = Debug|Any CPU
		{88BCDBAD-7529-4DB0-B481-70713C894ACF}.Release|Any CPU.ActiveCfg = Release|Any CPU
		{88BCDBAD-7529-4DB0-B481-70713C894ACF}.Release|Any CPU.Build.0 = Release|Any CPU
		{03DF6B91-290C-4757-8E01-CBEC66D6F22A}.Debug|Any CPU.ActiveCfg = Debug|Any CPU
		{03DF6B91-290C-4757-8E01-CBEC66D6F22A}.Debug|Any CPU.Build.0 = Debug|Any CPU
		{03DF6B91-290C-4757-8E01-CBEC66D6F22A}.Release|Any CPU.ActiveCfg = Release|Any CPU
		{03DF6B91-290C-4757-8E01-CBEC66D6F22A}.Release|Any CPU.Build.0 = Release|Any CPU
		{D39DEE91-BC54-4AB0-B034-FDAC5032D002}.Debug|Any CPU.ActiveCfg = Debug|Any CPU
		{D39DEE91-BC54-4AB0-B034-FDAC5032D002}.Debug|Any CPU.Build.0 = Debug|Any CPU
		{D39DEE91-BC54-4AB0-B034-FDAC5032D002}.Release|Any CPU.ActiveCfg = Release|Any CPU
		{D39DEE91-BC54-4AB0-B034-FDAC5032D002}.Release|Any CPU.Build.0 = Release|Any CPU
		{C685E1DB-551A-4FA7-AE33-6D33FEF163D5}.Debug|Any CPU.ActiveCfg = Debug|Any CPU
		{C685E1DB-551A-4FA7-AE33-6D33FEF163D5}.Debug|Any CPU.Build.0 = Debug|Any CPU
		{C685E1DB-551A-4FA7-AE33-6D33FEF163D5}.Release|Any CPU.ActiveCfg = Release|Any CPU
		{C685E1DB-551A-4FA7-AE33-6D33FEF163D5}.Release|Any CPU.Build.0 = Release|Any CPU
		{66DE361B-CBF4-4090-ADA7-78C59CFE70EA}.Debug|Any CPU.ActiveCfg = Debug|Any CPU
		{66DE361B-CBF4-4090-ADA7-78C59CFE70EA}.Debug|Any CPU.Build.0 = Debug|Any CPU
		{66DE361B-CBF4-4090-ADA7-78C59CFE70EA}.Release|Any CPU.ActiveCfg = Release|Any CPU
		{66DE361B-CBF4-4090-ADA7-78C59CFE70EA}.Release|Any CPU.Build.0 = Release|Any CPU
		{D01B0EDC-9558-4E6A-A6BB-C26C17D66F45}.Debug|Any CPU.ActiveCfg = Debug|Any CPU
		{D01B0EDC-9558-4E6A-A6BB-C26C17D66F45}.Debug|Any CPU.Build.0 = Debug|Any CPU
		{D01B0EDC-9558-4E6A-A6BB-C26C17D66F45}.Release|Any CPU.ActiveCfg = Release|Any CPU
		{D01B0EDC-9558-4E6A-A6BB-C26C17D66F45}.Release|Any CPU.Build.0 = Release|Any CPU
		{BD4EC582-9908-4AAA-8CEB-4AD4930D7703}.Debug|Any CPU.ActiveCfg = Debug|Any CPU
		{BD4EC582-9908-4AAA-8CEB-4AD4930D7703}.Debug|Any CPU.Build.0 = Debug|Any CPU
		{BD4EC582-9908-4AAA-8CEB-4AD4930D7703}.Release|Any CPU.ActiveCfg = Release|Any CPU
		{BD4EC582-9908-4AAA-8CEB-4AD4930D7703}.Release|Any CPU.Build.0 = Release|Any CPU
		{BC62920F-E747-4418-BD3E-EDAAA0C1B70C}.Debug|Any CPU.ActiveCfg = Debug|Any CPU
		{BC62920F-E747-4418-BD3E-EDAAA0C1B70C}.Debug|Any CPU.Build.0 = Debug|Any CPU
		{BC62920F-E747-4418-BD3E-EDAAA0C1B70C}.Release|Any CPU.ActiveCfg = Release|Any CPU
		{BC62920F-E747-4418-BD3E-EDAAA0C1B70C}.Release|Any CPU.Build.0 = Release|Any CPU
	EndGlobalSection
	GlobalSection(SolutionProperties) = preSolution
		HideSolutionNode = FALSE
	EndGlobalSection
	GlobalSection(NestedProjects) = preSolution
		{A8571545-4750-43B5-A30B-25B62DB7F936} = {09326AE2-C786-4F7C-B418-60DDD9377B6B}
		{B756F0CF-44CE-4697-92BF-C1C27DF7CE60} = {A8571545-4750-43B5-A30B-25B62DB7F936}
		{0138E5E5-9B66-4E86-B440-C1BF901A5E7C} = {FD8E8B90-0CCC-4F44-9810-00502EA47469}
		{A2B683D2-FADC-4214-9899-92AE4284F363} = {7D6EE83C-C523-460C-882A-03FBC171F639}
		{724B6EC9-0E75-47B7-A189-81EF686C8DDF} = {DEF8D0E2-BBFC-4CEF-8BA4-28A7A05447A9}
		{96B317A9-F30C-463A-816D-11823C8B0C77} = {DEF8D0E2-BBFC-4CEF-8BA4-28A7A05447A9}
		{D924E055-B31B-4DC1-A948-BA51987AE0D6} = {724B6EC9-0E75-47B7-A189-81EF686C8DDF}
		{281A998D-3061-4395-9F26-20CAD39ADE01} = {96B317A9-F30C-463A-816D-11823C8B0C77}
		{E4DE0E0D-E3A7-4F0A-BB2B-1E815B4262F9} = {09326AE2-C786-4F7C-B418-60DDD9377B6B}
		{2D7678A1-5BA2-458D-A90E-974FE14C9ECA} = {E4DE0E0D-E3A7-4F0A-BB2B-1E815B4262F9}
		{A3783DC2-89F9-4EE2-9F12-4BE92AFC8C79} = {E4DE0E0D-E3A7-4F0A-BB2B-1E815B4262F9}
		{98DA5756-A6F1-4AA5-868B-E523D0E6E000} = {9C2493D6-F8DF-41CD-AD39-1293679F5996}
		{D74E89A3-B037-4E3E-A9D4-6A25DD37B772} = {9C2493D6-F8DF-41CD-AD39-1293679F5996}
		{A5E38E41-959E-4745-81DE-E17AC5015563} = {98DA5756-A6F1-4AA5-868B-E523D0E6E000}
		{A325EABF-4142-4BC9-BC3E-7D7171FBE3CC} = {D74E89A3-B037-4E3E-A9D4-6A25DD37B772}
		{857ECECE-44F9-4A87-9ECF-3053FBE6AB26} = {09326AE2-C786-4F7C-B418-60DDD9377B6B}
		{88BCDBAD-7529-4DB0-B481-70713C894ACF} = {857ECECE-44F9-4A87-9ECF-3053FBE6AB26}
		{81226D5B-FC2D-44DA-86E6-D95DDA8F4BBB} = {9C2493D6-F8DF-41CD-AD39-1293679F5996}
		{03DF6B91-290C-4757-8E01-CBEC66D6F22A} = {E4DE0E0D-E3A7-4F0A-BB2B-1E815B4262F9}
		{D39DEE91-BC54-4AB0-B034-FDAC5032D002} = {98DA5756-A6F1-4AA5-868B-E523D0E6E000}
		{C685E1DB-551A-4FA7-AE33-6D33FEF163D5} = {D74E89A3-B037-4E3E-A9D4-6A25DD37B772}
		{66DE361B-CBF4-4090-ADA7-78C59CFE70EA} = {81226D5B-FC2D-44DA-86E6-D95DDA8F4BBB}
		{D01B0EDC-9558-4E6A-A6BB-C26C17D66F45} = {81226D5B-FC2D-44DA-86E6-D95DDA8F4BBB}
		{BD4EC582-9908-4AAA-8CEB-4AD4930D7703} = {81226D5B-FC2D-44DA-86E6-D95DDA8F4BBB}
		{85394E93-C73F-41F9-B063-2417B1663D23} = {9C2493D6-F8DF-41CD-AD39-1293679F5996}
		{52EE16F8-185C-45A4-A43C-B146B1AE94A2} = {85394E93-C73F-41F9-B063-2417B1663D23}
		{BC62920F-E747-4418-BD3E-EDAAA0C1B70C} = {52EE16F8-185C-45A4-A43C-B146B1AE94A2}
		{7732706D-EBBD-4071-AC1F-486505AC4780} = {85394E93-C73F-41F9-B063-2417B1663D23}
	EndGlobalSection
	GlobalSection(ExtensibilityGlobals) = postSolution
		SolutionGuid = {EB852FAF-4DD3-4243-AA55-0361ED92A603}
	EndGlobalSection
EndGlobal
