
Microsoft Visual Studio Solution File, Format Version 12.00
# Visual Studio Version 17
VisualStudioVersion = 17.0.32112.339
MinimumVisualStudioVersion = 10.0.40219.1
Project("{2150E333-8FDC-42A3-9474-1A3956D46DE8}") = "2 - Services", "2 - Services", "{7D6EE83C-C523-460C-882A-03FBC171F639}"
EndProject
Project("{2150E333-8FDC-42A3-9474-1A3956D46DE8}") = "3 - Application", "3 - Application", "{9C2493D6-F8DF-41CD-AD39-1293679F5996}"
EndProject
Project("{2150E333-8FDC-42A3-9474-1A3956D46DE8}") = "4 - Domain", "4 - Domain", "{FD8E8B90-0CCC-4F44-9810-00502EA47469}"
EndProject
Project("{2150E333-8FDC-42A3-9474-1A3956D46DE8}") = "5 - Infra", "5 - Infra", "{09326AE2-C786-4F7C-B418-60DDD9377B6B}"
EndProject
Project("{2150E333-8FDC-42A3-9474-1A3956D46DE8}") = "5.1 - Data", "5.1 - Data", "{A8571545-4750-43B5-A30B-25B62DB7F936}"
EndProject
Project("{9A19103F-16F7-4668-BE54-9A1E7A4F7556}") = "Victory.Infra.Data", "Victory.Infra.Data\Victory.Infra.Data.csproj", "{B756F0CF-44CE-4697-92BF-C1C27DF7CE60}"
EndProject
Project("{9A19103F-16F7-4668-BE54-9A1E7A4F7556}") = "Victory.Domain", "Victory.Domain\Victory.Domain.csproj", "{0138E5E5-9B66-4E86-B440-C1BF901A5E7C}"
EndProject
Project("{9A19103F-16F7-4668-BE54-9A1E7A4F7556}") = "Victory.Services.API", "Victory.Services.Api\Victory.Services.API.csproj", "{A2B683D2-FADC-4214-9899-92AE4284F363}"
EndProject
Project("{2150E333-8FDC-42A3-9474-1A3956D46DE8}") = "1 - Presentation", "1 - Presentation", "{DEF8D0E2-BBFC-4CEF-8BA4-28A7A05447A9}"
EndProject
Project("{2150E333-8FDC-42A3-9474-1A3956D46DE8}") = "1.2 - Web", "1.2 - Web", "{724B6EC9-0E75-47B7-A189-81EF686C8DDF}"
EndProject
Project("{2150E333-8FDC-42A3-9474-1A3956D46DE8}") = "1.1 - Desktop", "1.1 - Desktop", "{96B317A9-F30C-463A-816D-11823C8B0C77}"
EndProject
Project("{9A19103F-16F7-4668-BE54-9A1E7A4F7556}") = "Victory.Presentation.Web", "Victory.Presentation.Web\Victory.Presentation.Web.csproj", "{D924E055-B31B-4DC1-A948-BA51987AE0D6}"
EndProject
Project("{9A19103F-16F7-4668-BE54-9A1E7A4F7556}") = "Victory.Presentation.Desktop", "Victory.Presentation.Desktop\Victory.Presentation.Desktop.csproj", "{281A998D-3061-4395-9F26-20CAD39ADE01}"
EndProject
Project("{2150E333-8FDC-42A3-9474-1A3956D46DE8}") = "5.2 - Core", "5.2 - Core", "{E4DE0E0D-E3A7-4F0A-BB2B-1E815B4262F9}"
EndProject
Project("{2150E333-8FDC-42A3-9474-1A3956D46DE8}") = "3.1 - Web", "3.1 - Web", "{98DA5756-A6F1-4AA5-868B-E523D0E6E000}"
EndProject
Project("{2150E333-8FDC-42A3-9474-1A3956D46DE8}") = "3.2 - Desktop", "3.2 - Desktop", "{D74E89A3-B037-4E3E-A9D4-6A25DD37B772}"
EndProject
Project("{9A19103F-16F7-4668-BE54-9A1E7A4F7556}") = "Victory.Application.Web", "Victory.Application.Web\Victory.Application.Web.csproj", "{A5E38E41-959E-4745-81DE-E17AC5015563}"
EndProject
Project("{9A19103F-16F7-4668-BE54-9A1E7A4F7556}") = "Victory.Application.Desktop", "Victory.Application.Desktop\Victory.Application.Desktop.csproj", "{A325EABF-4142-4BC9-BC3E-7D7171FBE3CC}"
EndProject
Project("{9A19103F-16F7-4668-BE54-9A1E7A4F7556}") = "Victory.Infra.Core.Desktop", "Victory.Infra.Core.Desktop\Victory.Infra.Core.Desktop.csproj", "{03DF6B91-290C-4757-8E01-CBEC66D6F22A}"
EndProject
Project("{9A19103F-16F7-4668-BE54-9A1E7A4F7556}") = "Victory.Application.Web.Interfaces", "Victory.Application.Web.Interfaces\Victory.Application.Web.Interfaces.csproj", "{D39DEE91-BC54-4AB0-B034-FDAC5032D002}"
EndProject
Project("{9A19103F-16F7-4668-BE54-9A1E7A4F7556}") = "Victory.Application.Desktop.Interfaces", "Victory.Application.Desktop.Interfaces\Victory.Application.Desktop.Interfaces.csproj", "{C685E1DB-551A-4FA7-AE33-6D33FEF163D5}"
EndProject
Project("{2150E333-8FDC-42A3-9474-1A3956D46DE8}") = "3.5 - General", "3.5 - General", "{85394E93-C73F-41F9-B063-2417B1663D23}"
EndProject
Project("{2150E333-8FDC-42A3-9474-1A3956D46DE8}") = "3.5.1 - Client", "3.5.1 - Client", "{52EE16F8-185C-45A4-A43C-B146B1AE94A2}"
EndProject
Project("{9A19103F-16F7-4668-BE54-9A1E7A4F7556}") = "Victory.Application.General.Client.Features", "Victory.Application.General.Client.Features\Victory.Application.General.Client.Features.csproj", "{BC62920F-E747-4418-BD3E-EDAAA0C1B70C}"
EndProject
Project("{2150E333-8FDC-42A3-9474-1A3956D46DE8}") = "1.3 - Mobile", "1.3 - Mobile", "{988CF9BF-F16B-402A-BC18-7B7EE9450E2A}"
EndProject
Project("{FAE04EC0-301F-11D3-BF4B-00C04F79EFBC}") = "Victory.Presentation.Mobile.Android", "Victory.Presentation.Mobile\Victory.Presentation.Mobile.Android\Victory.Presentation.Mobile.Android.csproj", "{9348F78B-0BB7-419F-B304-A25348D4C25B}"
EndProject
Project("{9A19103F-16F7-4668-BE54-9A1E7A4F7556}") = "Victory.Presentation.Mobile", "Victory.Presentation.Mobile\Victory.Presentation.Mobile\Victory.Presentation.Mobile.csproj", "{4BF2B5D3-7E22-4B02-B938-80087CFEE57D}"
EndProject
Project("{2150E333-8FDC-42A3-9474-1A3956D46DE8}") = "3.3 - API", "3.3 - API", "{BFA6708A-62E8-4D1C-ADA6-9B742FE53104}"
EndProject
Project("{9A19103F-16F7-4668-BE54-9A1E7A4F7556}") = "Victory.Application.API.Features", "Victory.Application.API.Features\Victory.Application.API.Features.csproj", "{B75CAECF-E1D6-4655-89DA-40EC5F751F5D}"
EndProject
Project("{9A19103F-16F7-4668-BE54-9A1E7A4F7556}") = "Victory.Application.API.Interfaces", "Victory.Application.API.Interfaces\Victory.Application.API.Interfaces.csproj", "{D4D9E839-E293-49FD-97BD-1F7D9D98D888}"
EndProject
Project("{9A19103F-16F7-4668-BE54-9A1E7A4F7556}") = "Victory.Application.API", "Victory.Application.API\Victory.Application.API.csproj", "{D6A4B647-B7B0-4EA3-B0A4-04329B157EDA}"
EndProject
Project("{9A19103F-16F7-4668-BE54-9A1E7A4F7556}") = "Victory.Application.General.Client.Services", "Victory.Application.General.Client.Services\Victory.Application.General.Client.Services.csproj", "{7EF64ADF-9B16-4EED-93F2-757EAC8D5776}"
EndProject
Project("{9A19103F-16F7-4668-BE54-9A1E7A4F7556}") = "Victory.Application.General.Client.Interfaces", "Victory.Application.General.Client.Interfaces\Victory.Application.General.Client.Interfaces.csproj", "{A86141CA-17A0-408A-AE8C-9AC0DCC1EC63}"
EndProject
Project("{2150E333-8FDC-42A3-9474-1A3956D46DE8}") = "1.4 - SMTP", "1.4 - SMTP", "{19B33A96-6F52-48E1-8EAA-1967C7578A99}"
EndProject
Project("{2150E333-8FDC-42A3-9474-1A3956D46DE8}") = "3.4 - SMTP", "3.4 - SMTP", "{1F29CEE5-AC0B-49AF-82B8-78425802AC04}"
EndProject
Project("{2150E333-8FDC-42A3-9474-1A3956D46DE8}") = "5.3 - Configuration", "5.3 - Configuration", "{8927E10C-00EC-4E46-815E-60EEB81D903D}"
EndProject
Project("{FAE04EC0-301F-11D3-BF4B-00C04F79EFBC}") = "Victory.Infra.Configuration.Services", "Victory.Infra.Configuration.Services\Victory.Infra.Configuration.Services.csproj", "{7FEF1024-AF1C-4B41-8D00-5707DAE059EC}"
EndProject
Global
	GlobalSection(SolutionConfigurationPlatforms) = preSolution
		Debug|Any CPU = Debug|Any CPU
		Release|Any CPU = Release|Any CPU
	EndGlobalSection
	GlobalSection(ProjectConfigurationPlatforms) = postSolution
		{B756F0CF-44CE-4697-92BF-C1C27DF7CE60}.Debug|Any CPU.ActiveCfg = Debug|Any CPU
		{B756F0CF-44CE-4697-92BF-C1C27DF7CE60}.Debug|Any CPU.Build.0 = Debug|Any CPU
		{B756F0CF-44CE-4697-92BF-C1C27DF7CE60}.Release|Any CPU.ActiveCfg = Release|Any CPU
		{B756F0CF-44CE-4697-92BF-C1C27DF7CE60}.Release|Any CPU.Build.0 = Release|Any CPU
		{0138E5E5-9B66-4E86-B440-C1BF901A5E7C}.Debug|Any CPU.ActiveCfg = Debug|Any CPU
		{0138E5E5-9B66-4E86-B440-C1BF901A5E7C}.Debug|Any CPU.Build.0 = Debug|Any CPU
		{0138E5E5-9B66-4E86-B440-C1BF901A5E7C}.Release|Any CPU.ActiveCfg = Release|Any CPU
		{0138E5E5-9B66-4E86-B440-C1BF901A5E7C}.Release|Any CPU.Build.0 = Release|Any CPU
		{A2B683D2-FADC-4214-9899-92AE4284F363}.Debug|Any CPU.ActiveCfg = Debug|Any CPU
		{A2B683D2-FADC-4214-9899-92AE4284F363}.Debug|Any CPU.Build.0 = Debug|Any CPU
		{A2B683D2-FADC-4214-9899-92AE4284F363}.Release|Any CPU.ActiveCfg = Release|Any CPU
		{A2B683D2-FADC-4214-9899-92AE4284F363}.Release|Any CPU.Build.0 = Release|Any CPU
		{D924E055-B31B-4DC1-A948-BA51987AE0D6}.Debug|Any CPU.ActiveCfg = Debug|Any CPU
		{D924E055-B31B-4DC1-A948-BA51987AE0D6}.Debug|Any CPU.Build.0 = Debug|Any CPU
		{D924E055-B31B-4DC1-A948-BA51987AE0D6}.Release|Any CPU.ActiveCfg = Release|Any CPU
		{D924E055-B31B-4DC1-A948-BA51987AE0D6}.Release|Any CPU.Build.0 = Release|Any CPU
		{281A998D-3061-4395-9F26-20CAD39ADE01}.Debug|Any CPU.ActiveCfg = Debug|Any CPU
		{281A998D-3061-4395-9F26-20CAD39ADE01}.Debug|Any CPU.Build.0 = Debug|Any CPU
		{281A998D-3061-4395-9F26-20CAD39ADE01}.Release|Any CPU.ActiveCfg = Release|Any CPU
		{281A998D-3061-4395-9F26-20CAD39ADE01}.Release|Any CPU.Build.0 = Release|Any CPU
		{A5E38E41-959E-4745-81DE-E17AC5015563}.Debug|Any CPU.ActiveCfg = Debug|Any CPU
		{A5E38E41-959E-4745-81DE-E17AC5015563}.Debug|Any CPU.Build.0 = Debug|Any CPU
		{A5E38E41-959E-4745-81DE-E17AC5015563}.Release|Any CPU.ActiveCfg = Release|Any CPU
		{A5E38E41-959E-4745-81DE-E17AC5015563}.Release|Any CPU.Build.0 = Release|Any CPU
		{A325EABF-4142-4BC9-BC3E-7D7171FBE3CC}.Debug|Any CPU.ActiveCfg = Debug|Any CPU
		{A325EABF-4142-4BC9-BC3E-7D7171FBE3CC}.Debug|Any CPU.Build.0 = Debug|Any CPU
		{A325EABF-4142-4BC9-BC3E-7D7171FBE3CC}.Release|Any CPU.ActiveCfg = Release|Any CPU
		{A325EABF-4142-4BC9-BC3E-7D7171FBE3CC}.Release|Any CPU.Build.0 = Release|Any CPU
		{03DF6B91-290C-4757-8E01-CBEC66D6F22A}.Debug|Any CPU.ActiveCfg = Debug|Any CPU
		{03DF6B91-290C-4757-8E01-CBEC66D6F22A}.Debug|Any CPU.Build.0 = Debug|Any CPU
		{03DF6B91-290C-4757-8E01-CBEC66D6F22A}.Release|Any CPU.ActiveCfg = Release|Any CPU
		{03DF6B91-290C-4757-8E01-CBEC66D6F22A}.Release|Any CPU.Build.0 = Release|Any CPU
		{D39DEE91-BC54-4AB0-B034-FDAC5032D002}.Debug|Any CPU.ActiveCfg = Debug|Any CPU
		{D39DEE91-BC54-4AB0-B034-FDAC5032D002}.Debug|Any CPU.Build.0 = Debug|Any CPU
		{D39DEE91-BC54-4AB0-B034-FDAC5032D002}.Release|Any CPU.ActiveCfg = Release|Any CPU
		{D39DEE91-BC54-4AB0-B034-FDAC5032D002}.Release|Any CPU.Build.0 = Release|Any CPU
		{C685E1DB-551A-4FA7-AE33-6D33FEF163D5}.Debug|Any CPU.ActiveCfg = Debug|Any CPU
		{C685E1DB-551A-4FA7-AE33-6D33FEF163D5}.Debug|Any CPU.Build.0 = Debug|Any CPU
		{C685E1DB-551A-4FA7-AE33-6D33FEF163D5}.Release|Any CPU.ActiveCfg = Release|Any CPU
		{C685E1DB-551A-4FA7-AE33-6D33FEF163D5}.Release|Any CPU.Build.0 = Release|Any CPU
		{BC62920F-E747-4418-BD3E-EDAAA0C1B70C}.Debug|Any CPU.ActiveCfg = Debug|Any CPU
		{BC62920F-E747-4418-BD3E-EDAAA0C1B70C}.Debug|Any CPU.Build.0 = Debug|Any CPU
		{BC62920F-E747-4418-BD3E-EDAAA0C1B70C}.Release|Any CPU.ActiveCfg = Release|Any CPU
		{BC62920F-E747-4418-BD3E-EDAAA0C1B70C}.Release|Any CPU.Build.0 = Release|Any CPU
		{9348F78B-0BB7-419F-B304-A25348D4C25B}.Debug|Any CPU.ActiveCfg = Debug|Any CPU
		{9348F78B-0BB7-419F-B304-A25348D4C25B}.Debug|Any CPU.Build.0 = Debug|Any CPU
		{9348F78B-0BB7-419F-B304-A25348D4C25B}.Debug|Any CPU.Deploy.0 = Debug|Any CPU
		{9348F78B-0BB7-419F-B304-A25348D4C25B}.Release|Any CPU.ActiveCfg = Release|Any CPU
		{9348F78B-0BB7-419F-B304-A25348D4C25B}.Release|Any CPU.Build.0 = Release|Any CPU
		{9348F78B-0BB7-419F-B304-A25348D4C25B}.Release|Any CPU.Deploy.0 = Release|Any CPU
		{4BF2B5D3-7E22-4B02-B938-80087CFEE57D}.Debug|Any CPU.ActiveCfg = Debug|Any CPU
		{4BF2B5D3-7E22-4B02-B938-80087CFEE57D}.Debug|Any CPU.Build.0 = Debug|Any CPU
		{4BF2B5D3-7E22-4B02-B938-80087CFEE57D}.Release|Any CPU.ActiveCfg = Release|Any CPU
		{4BF2B5D3-7E22-4B02-B938-80087CFEE57D}.Release|Any CPU.Build.0 = Release|Any CPU
		{B75CAECF-E1D6-4655-89DA-40EC5F751F5D}.Debug|Any CPU.ActiveCfg = Debug|Any CPU
		{B75CAECF-E1D6-4655-89DA-40EC5F751F5D}.Debug|Any CPU.Build.0 = Debug|Any CPU
		{B75CAECF-E1D6-4655-89DA-40EC5F751F5D}.Release|Any CPU.ActiveCfg = Release|Any CPU
		{B75CAECF-E1D6-4655-89DA-40EC5F751F5D}.Release|Any CPU.Build.0 = Release|Any CPU
		{D4D9E839-E293-49FD-97BD-1F7D9D98D888}.Debug|Any CPU.ActiveCfg = Debug|Any CPU
		{D4D9E839-E293-49FD-97BD-1F7D9D98D888}.Debug|Any CPU.Build.0 = Debug|Any CPU
		{D4D9E839-E293-49FD-97BD-1F7D9D98D888}.Release|Any CPU.ActiveCfg = Release|Any CPU
		{D4D9E839-E293-49FD-97BD-1F7D9D98D888}.Release|Any CPU.Build.0 = Release|Any CPU
		{D6A4B647-B7B0-4EA3-B0A4-04329B157EDA}.Debug|Any CPU.ActiveCfg = Debug|Any CPU
		{D6A4B647-B7B0-4EA3-B0A4-04329B157EDA}.Debug|Any CPU.Build.0 = Debug|Any CPU
		{D6A4B647-B7B0-4EA3-B0A4-04329B157EDA}.Release|Any CPU.ActiveCfg = Release|Any CPU
		{D6A4B647-B7B0-4EA3-B0A4-04329B157EDA}.Release|Any CPU.Build.0 = Release|Any CPU
		{7EF64ADF-9B16-4EED-93F2-757EAC8D5776}.Debug|Any CPU.ActiveCfg = Debug|Any CPU
		{7EF64ADF-9B16-4EED-93F2-757EAC8D5776}.Debug|Any CPU.Build.0 = Debug|Any CPU
		{7EF64ADF-9B16-4EED-93F2-757EAC8D5776}.Release|Any CPU.ActiveCfg = Release|Any CPU
		{7EF64ADF-9B16-4EED-93F2-757EAC8D5776}.Release|Any CPU.Build.0 = Release|Any CPU
		{A86141CA-17A0-408A-AE8C-9AC0DCC1EC63}.Debug|Any CPU.ActiveCfg = Debug|Any CPU
		{A86141CA-17A0-408A-AE8C-9AC0DCC1EC63}.Debug|Any CPU.Build.0 = Debug|Any CPU
		{A86141CA-17A0-408A-AE8C-9AC0DCC1EC63}.Release|Any CPU.ActiveCfg = Release|Any CPU
		{A86141CA-17A0-408A-AE8C-9AC0DCC1EC63}.Release|Any CPU.Build.0 = Release|Any CPU
		{7FEF1024-AF1C-4B41-8D00-5707DAE059EC}.Debug|Any CPU.ActiveCfg = Debug|Any CPU
		{7FEF1024-AF1C-4B41-8D00-5707DAE059EC}.Debug|Any CPU.Build.0 = Debug|Any CPU
		{7FEF1024-AF1C-4B41-8D00-5707DAE059EC}.Release|Any CPU.ActiveCfg = Release|Any CPU
		{7FEF1024-AF1C-4B41-8D00-5707DAE059EC}.Release|Any CPU.Build.0 = Release|Any CPU
	EndGlobalSection
	GlobalSection(SolutionProperties) = preSolution
		HideSolutionNode = FALSE
	EndGlobalSection
	GlobalSection(NestedProjects) = preSolution
		{A8571545-4750-43B5-A30B-25B62DB7F936} = {09326AE2-C786-4F7C-B418-60DDD9377B6B}
		{B756F0CF-44CE-4697-92BF-C1C27DF7CE60} = {A8571545-4750-43B5-A30B-25B62DB7F936}
		{0138E5E5-9B66-4E86-B440-C1BF901A5E7C} = {FD8E8B90-0CCC-4F44-9810-00502EA47469}
		{A2B683D2-FADC-4214-9899-92AE4284F363} = {7D6EE83C-C523-460C-882A-03FBC171F639}
		{724B6EC9-0E75-47B7-A189-81EF686C8DDF} = {DEF8D0E2-BBFC-4CEF-8BA4-28A7A05447A9}
		{96B317A9-F30C-463A-816D-11823C8B0C77} = {DEF8D0E2-BBFC-4CEF-8BA4-28A7A05447A9}
		{D924E055-B31B-4DC1-A948-BA51987AE0D6} = {724B6EC9-0E75-47B7-A189-81EF686C8DDF}
		{281A998D-3061-4395-9F26-20CAD39ADE01} = {96B317A9-F30C-463A-816D-11823C8B0C77}
		{E4DE0E0D-E3A7-4F0A-BB2B-1E815B4262F9} = {09326AE2-C786-4F7C-B418-60DDD9377B6B}
		{98DA5756-A6F1-4AA5-868B-E523D0E6E000} = {9C2493D6-F8DF-41CD-AD39-1293679F5996}
		{D74E89A3-B037-4E3E-A9D4-6A25DD37B772} = {9C2493D6-F8DF-41CD-AD39-1293679F5996}
		{A5E38E41-959E-4745-81DE-E17AC5015563} = {98DA5756-A6F1-4AA5-868B-E523D0E6E000}
		{A325EABF-4142-4BC9-BC3E-7D7171FBE3CC} = {D74E89A3-B037-4E3E-A9D4-6A25DD37B772}
		{03DF6B91-290C-4757-8E01-CBEC66D6F22A} = {E4DE0E0D-E3A7-4F0A-BB2B-1E815B4262F9}
		{D39DEE91-BC54-4AB0-B034-FDAC5032D002} = {98DA5756-A6F1-4AA5-868B-E523D0E6E000}
		{C685E1DB-551A-4FA7-AE33-6D33FEF163D5} = {D74E89A3-B037-4E3E-A9D4-6A25DD37B772}
		{85394E93-C73F-41F9-B063-2417B1663D23} = {9C2493D6-F8DF-41CD-AD39-1293679F5996}
		{52EE16F8-185C-45A4-A43C-B146B1AE94A2} = {85394E93-C73F-41F9-B063-2417B1663D23}
		{BC62920F-E747-4418-BD3E-EDAAA0C1B70C} = {52EE16F8-185C-45A4-A43C-B146B1AE94A2}
		{988CF9BF-F16B-402A-BC18-7B7EE9450E2A} = {DEF8D0E2-BBFC-4CEF-8BA4-28A7A05447A9}
		{9348F78B-0BB7-419F-B304-A25348D4C25B} = {988CF9BF-F16B-402A-BC18-7B7EE9450E2A}
		{4BF2B5D3-7E22-4B02-B938-80087CFEE57D} = {988CF9BF-F16B-402A-BC18-7B7EE9450E2A}
		{BFA6708A-62E8-4D1C-ADA6-9B742FE53104} = {9C2493D6-F8DF-41CD-AD39-1293679F5996}
		{B75CAECF-E1D6-4655-89DA-40EC5F751F5D} = {BFA6708A-62E8-4D1C-ADA6-9B742FE53104}
		{D4D9E839-E293-49FD-97BD-1F7D9D98D888} = {BFA6708A-62E8-4D1C-ADA6-9B742FE53104}
		{D6A4B647-B7B0-4EA3-B0A4-04329B157EDA} = {BFA6708A-62E8-4D1C-ADA6-9B742FE53104}
		{7EF64ADF-9B16-4EED-93F2-757EAC8D5776} = {52EE16F8-185C-45A4-A43C-B146B1AE94A2}
		{A86141CA-17A0-408A-AE8C-9AC0DCC1EC63} = {52EE16F8-185C-45A4-A43C-B146B1AE94A2}
		{19B33A96-6F52-48E1-8EAA-1967C7578A99} = {DEF8D0E2-BBFC-4CEF-8BA4-28A7A05447A9}
		{1F29CEE5-AC0B-49AF-82B8-78425802AC04} = {9C2493D6-F8DF-41CD-AD39-1293679F5996}
		{8927E10C-00EC-4E46-815E-60EEB81D903D} = {09326AE2-C786-4F7C-B418-60DDD9377B6B}
		{7FEF1024-AF1C-4B41-8D00-5707DAE059EC} = {8927E10C-00EC-4E46-815E-60EEB81D903D}
	EndGlobalSection
	GlobalSection(ExtensibilityGlobals) = postSolution
		SolutionGuid = {EB852FAF-4DD3-4243-AA55-0361ED92A603}
	EndGlobalSection
EndGlobal
